
Microsoft Visual Studio Solution File, Format Version 12.00
# Visual Studio Version 16
VisualStudioVersion = 16.0.31410.223
MinimumVisualStudioVersion = 10.0.40219.1
Project("{FAE04EC0-301F-11D3-BF4B-00C04F79EFBC}") = "TheMovieDB-FinalProject", "TheMovieDB-FinalProject\TheMovieDB-FinalProject.csproj", "{D829E149-C2CC-498D-BE23-8305B6F5B9F7}"
EndProject
Global
	GlobalSection(SolutionConfigurationPlatforms) = preSolution
		Debug|Any CPU = Debug|Any CPU
		Release|Any CPU = Release|Any CPU
	EndGlobalSection
	GlobalSection(ProjectConfigurationPlatforms) = postSolution
		{D829E149-C2CC-498D-BE23-8305B6F5B9F7}.Debug|Any CPU.ActiveCfg = Debug|Any CPU
		{D829E149-C2CC-498D-BE23-8305B6F5B9F7}.Debug|Any CPU.Build.0 = Debug|Any CPU
		{D829E149-C2CC-498D-BE23-8305B6F5B9F7}.Release|Any CPU.ActiveCfg = Release|Any CPU
		{D829E149-C2CC-498D-BE23-8305B6F5B9F7}.Release|Any CPU.Build.0 = Release|Any CPU
	EndGlobalSection
	GlobalSection(SolutionProperties) = preSolution
		HideSolutionNode = FALSE
	EndGlobalSection
	GlobalSection(ExtensibilityGlobals) = postSolution
		SolutionGuid = {12B5DCCD-176D-4F17-8AB9-6ECEBA1D3723}
	EndGlobalSection
EndGlobal
